
Microsoft Visual Studio Solution File, Format Version 12.00
# Visual Studio 2013
VisualStudioVersion = 12.0.31101.0
MinimumVisualStudioVersion = 10.0.40219.1
Project("{FAE04EC0-301F-11D3-BF4B-00C04F79EFBC}") = "MvcApplication32", "MvcApplication32\MvcApplication32.csproj", "{F2512863-7D20-421B-B11D-10A05E2B80FF}"
EndProject
Project("{FAE04EC0-301F-11D3-BF4B-00C04F79EFBC}") = "People.Data", "People.Data\People.Data.csproj", "{F82F1156-2F03-44D5-B339-050581FC1C11}"
EndProject
Global
	GlobalSection(SolutionConfigurationPlatforms) = preSolution
		Debug|Any CPU = Debug|Any CPU
		Release|Any CPU = Release|Any CPU
	EndGlobalSection
	GlobalSection(ProjectConfigurationPlatforms) = postSolution
		{F2512863-7D20-421B-B11D-10A05E2B80FF}.Debug|Any CPU.ActiveCfg = Debug|Any CPU
		{F2512863-7D20-421B-B11D-10A05E2B80FF}.Debug|Any CPU.Build.0 = Debug|Any CPU
		{F2512863-7D20-421B-B11D-10A05E2B80FF}.Release|Any CPU.ActiveCfg = Release|Any CPU
		{F2512863-7D20-421B-B11D-10A05E2B80FF}.Release|Any CPU.Build.0 = Release|Any CPU
		{F82F1156-2F03-44D5-B339-050581FC1C11}.Debug|Any CPU.ActiveCfg = Debug|Any CPU
		{F82F1156-2F03-44D5-B339-050581FC1C11}.Debug|Any CPU.Build.0 = Debug|Any CPU
		{F82F1156-2F03-44D5-B339-050581FC1C11}.Release|Any CPU.ActiveCfg = Release|Any CPU
		{F82F1156-2F03-44D5-B339-050581FC1C11}.Release|Any CPU.Build.0 = Release|Any CPU
	EndGlobalSection
	GlobalSection(SolutionProperties) = preSolution
		HideSolutionNode = FALSE
	EndGlobalSection
EndGlobal
